
Microsoft Visual Studio Solution File, Format Version 12.00
# Visual Studio Version 16
VisualStudioVersion = 16.0.29609.76
MinimumVisualStudioVersion = 10.0.40219.1
Project("{9A19103F-16F7-4668-BE54-9A1E7A4F7556}") = "ConflictLib", "ConflictLib\ConflictLib.csproj", "{5CAEEEE0-32B2-4000-8327-F387498A5DAC}"
EndProject
Project("{9A19103F-16F7-4668-BE54-9A1E7A4F7556}") = "DirectLib", "DirectLib\DirectLib.csproj", "{8193A122-0136-4BE9-B176-5048E27C75B3}"
EndProject
Project("{2150E333-8FDC-42A3-9474-1A3956D46DE8}") = "Solution Items", "Solution Items", "{A47D6EF5-780A-45B4-8C99-37CEF3E32A84}"
	ProjectSection(SolutionItems) = preProject
		nuget.target = nuget.target
	EndProjectSection
EndProject
Project("{9A19103F-16F7-4668-BE54-9A1E7A4F7556}") = "MyAppDev", "MyAppDev\MyAppDev.csproj", "{94E8849B-E9D6-44A5-B829-D6B83FADF0AF}"
EndProject
Project("{9A19103F-16F7-4668-BE54-9A1E7A4F7556}") = "MyAppConsumer", "MyAppConsumer\MyAppConsumer.csproj", "{B2102BDD-1E36-45A9-B050-3ADACE695E67}"
EndProject
Global
	GlobalSection(SolutionConfigurationPlatforms) = preSolution
		Debug|Any CPU = Debug|Any CPU
		Release|Any CPU = Release|Any CPU
	EndGlobalSection
	GlobalSection(ProjectConfigurationPlatforms) = postSolution
		{5CAEEEE0-32B2-4000-8327-F387498A5DAC}.Debug|Any CPU.ActiveCfg = Debug|Any CPU
		{5CAEEEE0-32B2-4000-8327-F387498A5DAC}.Debug|Any CPU.Build.0 = Debug|Any CPU
		{5CAEEEE0-32B2-4000-8327-F387498A5DAC}.Release|Any CPU.ActiveCfg = Release|Any CPU
		{5CAEEEE0-32B2-4000-8327-F387498A5DAC}.Release|Any CPU.Build.0 = Release|Any CPU
		{8193A122-0136-4BE9-B176-5048E27C75B3}.Debug|Any CPU.ActiveCfg = Debug|Any CPU
		{8193A122-0136-4BE9-B176-5048E27C75B3}.Debug|Any CPU.Build.0 = Debug|Any CPU
		{8193A122-0136-4BE9-B176-5048E27C75B3}.Release|Any CPU.ActiveCfg = Release|Any CPU
		{8193A122-0136-4BE9-B176-5048E27C75B3}.Release|Any CPU.Build.0 = Release|Any CPU
		{94E8849B-E9D6-44A5-B829-D6B83FADF0AF}.Debug|Any CPU.ActiveCfg = Debug|Any CPU
		{94E8849B-E9D6-44A5-B829-D6B83FADF0AF}.Debug|Any CPU.Build.0 = Debug|Any CPU
		{94E8849B-E9D6-44A5-B829-D6B83FADF0AF}.Release|Any CPU.ActiveCfg = Release|Any CPU
		{94E8849B-E9D6-44A5-B829-D6B83FADF0AF}.Release|Any CPU.Build.0 = Release|Any CPU
		{B2102BDD-1E36-45A9-B050-3ADACE695E67}.Debug|Any CPU.ActiveCfg = Debug|Any CPU
		{B2102BDD-1E36-45A9-B050-3ADACE695E67}.Debug|Any CPU.Build.0 = Debug|Any CPU
		{B2102BDD-1E36-45A9-B050-3ADACE695E67}.Release|Any CPU.ActiveCfg = Release|Any CPU
		{B2102BDD-1E36-45A9-B050-3ADACE695E67}.Release|Any CPU.Build.0 = Release|Any CPU
	EndGlobalSection
	GlobalSection(SolutionProperties) = preSolution
		HideSolutionNode = FALSE
	EndGlobalSection
	GlobalSection(ExtensibilityGlobals) = postSolution
		SolutionGuid = {9701FB12-D3D7-49DB-9F85-7F5B68ACCB71}
	EndGlobalSection
EndGlobal
